
Microsoft Visual Studio Solution File, Format Version 12.00
# Visual Studio Version 17
VisualStudioVersion = 17.14.37411.7 d17.14
MinimumVisualStudioVersion = 10.0.40219.1
Project("{FAE04EC0-301F-11D3-BF4B-00C04F79EFBC}") = "Buildflow", "Buildflow\Buildflow.csproj", "{626B45C2-D74C-4B80-964A-3AB16E499F80}"
EndProject
Global
	GlobalSection(SolutionConfigurationPlatforms) = preSolution
		Debug|Any CPU = Debug|Any CPU
		Release|Any CPU = Release|Any CPU
	EndGlobalSection
	GlobalSection(ProjectConfigurationPlatforms) = postSolution
		{626B45C2-D74C-4B80-964A-3AB16E499F80}.Debug|Any CPU.ActiveCfg = Debug|Any CPU
		{626B45C2-D74C-4B80-964A-3AB16E499F80}.Debug|Any CPU.Build.0 = Debug|Any CPU
		{626B45C2-D74C-4B80-964A-3AB16E499F80}.Release|Any CPU.ActiveCfg = Release|Any CPU
		{626B45C2-D74C-4B80-964A-3AB16E499F80}.Release|Any CPU.Build.0 = Release|Any CPU
	EndGlobalSection
	GlobalSection(SolutionProperties) = preSolution
		HideSolutionNode = FALSE
	EndGlobalSection
	GlobalSection(ExtensibilityGlobals) = postSolution
		SolutionGuid = {6534A9D5-1199-4707-BECD-C90434F7DB5D}
	EndGlobalSection
EndGlobal
